// !$*UTF8*$!
{
	archiveVersion = 1;
	classes = {
	};
	objectVersion = 51;
	objects = {

/* Begin PBXBuildFile section */
		0F127C00BFE5595B59CEFA39 /* Pods_MarvelCharacters.framework in Frameworks */ = {isa = PBXBuildFile; fileRef = 9371A342094CC611288A40AB /* Pods_MarvelCharacters.framework */; };
		2D5540D8247B4E4500AF53A8 /* Comics.swift in Sources */ = {isa = PBXBuildFile; fileRef = 2D5540D7247B4E4500AF53A8 /* Comics.swift */; };
		2D5540DA247B4E6D00AF53A8 /* ComicSummary.swift in Sources */ = {isa = PBXBuildFile; fileRef = 2D5540D9247B4E6D00AF53A8 /* ComicSummary.swift */; };
		2D7E0198247B88A4001A8B0B /* CharactersDoubles.swift in Sources */ = {isa = PBXBuildFile; fileRef = 2D7E0197247B88A4001A8B0B /* CharactersDoubles.swift */; };
		2D7E019A247B88F3001A8B0B /* CharacterCellPresenterTests.swift in Sources */ = {isa = PBXBuildFile; fileRef = 2D7E0199247B88F3001A8B0B /* CharacterCellPresenterTests.swift */; };
		2D7E019E247B8DB5001A8B0B /* CharacterDetailsPresenterTests.swift in Sources */ = {isa = PBXBuildFile; fileRef = 2D7E019D247B8DB5001A8B0B /* CharacterDetailsPresenterTests.swift */; };
		2D7E01A2247B9B96001A8B0B /* CharacterDetailsDouble.swift in Sources */ = {isa = PBXBuildFile; fileRef = 2D7E01A1247B9B96001A8B0B /* CharacterDetailsDouble.swift */; };
		2D7E01A5247B9BDC001A8B0B /* Fixtures.swift in Sources */ = {isa = PBXBuildFile; fileRef = 2D7E01A4247B9BDC001A8B0B /* Fixtures.swift */; };
		2D7E01A7247B9C37001A8B0B /* CharacterCellDoubles.swift in Sources */ = {isa = PBXBuildFile; fileRef = 2D7E01A6247B9C37001A8B0B /* CharacterCellDoubles.swift */; };
		2D7E01AB247B9CA5001A8B0B /* ComicCellPresenterTests.swift in Sources */ = {isa = PBXBuildFile; fileRef = 2D7E01AA247B9CA5001A8B0B /* ComicCellPresenterTests.swift */; };
		2D7E01AD247B9DBF001A8B0B /* ComicCellDoubles.swift in Sources */ = {isa = PBXBuildFile; fileRef = 2D7E01AC247B9DBF001A8B0B /* ComicCellDoubles.swift */; };
		2D7E01AF247B9E87001A8B0B /* ComicsPresenterTests.swift in Sources */ = {isa = PBXBuildFile; fileRef = 2D7E01AE247B9E87001A8B0B /* ComicsPresenterTests.swift */; };
		2DC96C27247942CB006E4E91 /* AppDelegate.swift in Sources */ = {isa = PBXBuildFile; fileRef = 2DC96C26247942CB006E4E91 /* AppDelegate.swift */; };
		2DC96C30247942D1006E4E91 /* Assets.xcassets in Resources */ = {isa = PBXBuildFile; fileRef = 2DC96C2F247942D1006E4E91 /* Assets.xcassets */; };
		2DC96C33247942D1006E4E91 /* LaunchScreen.storyboard in Resources */ = {isa = PBXBuildFile; fileRef = 2DC96C31247942D1006E4E91 /* LaunchScreen.storyboard */; };
		2DC96C44247945A7006E4E91 /* CharactersViewController.swift in Sources */ = {isa = PBXBuildFile; fileRef = 2DC96C43247945A7006E4E91 /* CharactersViewController.swift */; };
		2DC96C46247946C5006E4E91 /* CharactersRouter.swift in Sources */ = {isa = PBXBuildFile; fileRef = 2DC96C45247946C5006E4E91 /* CharactersRouter.swift */; };
		2DC96C4824794731006E4E91 /* CharactersPresenter.swift in Sources */ = {isa = PBXBuildFile; fileRef = 2DC96C4724794731006E4E91 /* CharactersPresenter.swift */; };
		2DC96C4A24794EC9006E4E91 /* UIColor.swift in Sources */ = {isa = PBXBuildFile; fileRef = 2DC96C4924794EC9006E4E91 /* UIColor.swift */; };
		2DC96C4D24794F37006E4E91 /* StyleSheet.swift in Sources */ = {isa = PBXBuildFile; fileRef = 2DC96C4C24794F37006E4E91 /* StyleSheet.swift */; };
		2DC96C4F2479501B006E4E91 /* UIFont.swift in Sources */ = {isa = PBXBuildFile; fileRef = 2DC96C4E2479501B006E4E91 /* UIFont.swift */; };
		2DC96C522479551A006E4E91 /* UIViewController.swift in Sources */ = {isa = PBXBuildFile; fileRef = 2DC96C512479551A006E4E91 /* UIViewController.swift */; };
		2DC96C5424795650006E4E91 /* CharacterCell.swift in Sources */ = {isa = PBXBuildFile; fileRef = 2DC96C5324795650006E4E91 /* CharacterCell.swift */; };
		2DCE21A32479662800C49785 /* Path.swift in Sources */ = {isa = PBXBuildFile; fileRef = 2DCE21A22479662800C49785 /* Path.swift */; };
		2DCE21A62479921F00C49785 /* APICore.swift in Sources */ = {isa = PBXBuildFile; fileRef = 2DCE21A52479921E00C49785 /* APICore.swift */; };
		2DCE21A82479934000C49785 /* AppError.swift in Sources */ = {isa = PBXBuildFile; fileRef = 2DCE21A72479934000C49785 /* AppError.swift */; };
		2DCE21AB24799C7900C49785 /* APIResponse.swift in Sources */ = {isa = PBXBuildFile; fileRef = 2DCE21AA24799C7900C49785 /* APIResponse.swift */; };
		2DCE21AD2479B7D600C49785 /* CharactersService.swift in Sources */ = {isa = PBXBuildFile; fileRef = 2DCE21AC2479B7D600C49785 /* CharactersService.swift */; };
		2DE4CF7B2479D371000C5CC4 /* CharactersProtocols.swift in Sources */ = {isa = PBXBuildFile; fileRef = 2DE4CF7A2479D371000C5CC4 /* CharactersProtocols.swift */; };
		2DE4CF7F247A2569000C5CC4 /* Loader.swift in Sources */ = {isa = PBXBuildFile; fileRef = 2DE4CF7E247A2569000C5CC4 /* Loader.swift */; };
		2DE4CF81247A25A6000C5CC4 /* ActivityIndicator.swift in Sources */ = {isa = PBXBuildFile; fileRef = 2DE4CF80247A25A6000C5CC4 /* ActivityIndicator.swift */; };
		2DE4CF83247A2724000C5CC4 /* CharacterCellPresenter.swift in Sources */ = {isa = PBXBuildFile; fileRef = 2DE4CF82247A2724000C5CC4 /* CharacterCellPresenter.swift */; };
		2DE4CF85247A27B4000C5CC4 /* CharacterCellProtocols.swift in Sources */ = {isa = PBXBuildFile; fileRef = 2DE4CF84247A27B4000C5CC4 /* CharacterCellProtocols.swift */; };
		2DE4CF88247A2CDF000C5CC4 /* UIImageView.swift in Sources */ = {isa = PBXBuildFile; fileRef = 2DE4CF87247A2CDF000C5CC4 /* UIImageView.swift */; };
		2DE4CF8A247A35DE000C5CC4 /* Character.swift in Sources */ = {isa = PBXBuildFile; fileRef = 2DE4CF89247A35DE000C5CC4 /* Character.swift */; };
		2DE4CF8C247A45B1000C5CC4 /* CharacterDetailsViewController.swift in Sources */ = {isa = PBXBuildFile; fileRef = 2DE4CF8B247A45B1000C5CC4 /* CharacterDetailsViewController.swift */; };
		2DE4CF8E247A45BA000C5CC4 /* CharacterDetailsPresenter.swift in Sources */ = {isa = PBXBuildFile; fileRef = 2DE4CF8D247A45BA000C5CC4 /* CharacterDetailsPresenter.swift */; };
		2DE4CF90247A45C3000C5CC4 /* CharacterDetailsRouter.swift in Sources */ = {isa = PBXBuildFile; fileRef = 2DE4CF8F247A45C3000C5CC4 /* CharacterDetailsRouter.swift */; };
		2DE4CF92247A45CC000C5CC4 /* CharacterDetailsProtocols.swift in Sources */ = {isa = PBXBuildFile; fileRef = 2DE4CF91247A45CC000C5CC4 /* CharacterDetailsProtocols.swift */; };
		2DE4CF94247A5200000C5CC4 /* CustomViewController.swift in Sources */ = {isa = PBXBuildFile; fileRef = 2DE4CF93247A5200000C5CC4 /* CustomViewController.swift */; };
		2DE4CF97247A6943000C5CC4 /* ComicCell.swift in Sources */ = {isa = PBXBuildFile; fileRef = 2DE4CF96247A6943000C5CC4 /* ComicCell.swift */; };
		2DE4CF99247B0653000C5CC4 /* ComicCellPresenter.swift in Sources */ = {isa = PBXBuildFile; fileRef = 2DE4CF98247B0653000C5CC4 /* ComicCellPresenter.swift */; };
		2DE4CF9B247B0693000C5CC4 /* ComicCellProtocols.swift in Sources */ = {isa = PBXBuildFile; fileRef = 2DE4CF9A247B0693000C5CC4 /* ComicCellProtocols.swift */; };
		2DE4CF9E247B38B1000C5CC4 /* ComicsViewController.swift in Sources */ = {isa = PBXBuildFile; fileRef = 2DE4CF9D247B38B1000C5CC4 /* ComicsViewController.swift */; };
		2DE4CFA0247B38E3000C5CC4 /* ComicsPresenter.swift in Sources */ = {isa = PBXBuildFile; fileRef = 2DE4CF9F247B38E3000C5CC4 /* ComicsPresenter.swift */; };
		2DE4CFA2247B38FE000C5CC4 /* ComicsRouter.swift in Sources */ = {isa = PBXBuildFile; fileRef = 2DE4CFA1247B38FE000C5CC4 /* ComicsRouter.swift */; };
		2DEFDAC8247B7DB40030BB32 /* CharactersPresenterTests.swift in Sources */ = {isa = PBXBuildFile; fileRef = 2DEFDAC7247B7DB40030BB32 /* CharactersPresenterTests.swift */; };
/* End PBXBuildFile section */

/* Begin PBXContainerItemProxy section */
		2DEFDACA247B7DB40030BB32 /* PBXContainerItemProxy */ = {
			isa = PBXContainerItemProxy;
			containerPortal = 2DC96C1B247942CB006E4E91 /* Project object */;
			proxyType = 1;
			remoteGlobalIDString = 2DC96C22247942CB006E4E91;
			remoteInfo = MarvelCharacters;
		};
/* End PBXContainerItemProxy section */

/* Begin PBXFileReference section */
		2D5540D7247B4E4500AF53A8 /* Comics.swift */ = {isa = PBXFileReference; lastKnownFileType = sourcecode.swift; path = Comics.swift; sourceTree = "<group>"; };
		2D5540D9247B4E6D00AF53A8 /* ComicSummary.swift */ = {isa = PBXFileReference; lastKnownFileType = sourcecode.swift; path = ComicSummary.swift; sourceTree = "<group>"; };
		2D7E0197247B88A4001A8B0B /* CharactersDoubles.swift */ = {isa = PBXFileReference; lastKnownFileType = sourcecode.swift; path = CharactersDoubles.swift; sourceTree = "<group>"; };
		2D7E0199247B88F3001A8B0B /* CharacterCellPresenterTests.swift */ = {isa = PBXFileReference; lastKnownFileType = sourcecode.swift; path = CharacterCellPresenterTests.swift; sourceTree = "<group>"; };
		2D7E019D247B8DB5001A8B0B /* CharacterDetailsPresenterTests.swift */ = {isa = PBXFileReference; lastKnownFileType = sourcecode.swift; path = CharacterDetailsPresenterTests.swift; sourceTree = "<group>"; };
		2D7E01A1247B9B96001A8B0B /* CharacterDetailsDouble.swift */ = {isa = PBXFileReference; lastKnownFileType = sourcecode.swift; path = CharacterDetailsDouble.swift; sourceTree = "<group>"; };
		2D7E01A4247B9BDC001A8B0B /* Fixtures.swift */ = {isa = PBXFileReference; lastKnownFileType = sourcecode.swift; path = Fixtures.swift; sourceTree = "<group>"; };
		2D7E01A6247B9C37001A8B0B /* CharacterCellDoubles.swift */ = {isa = PBXFileReference; lastKnownFileType = sourcecode.swift; path = CharacterCellDoubles.swift; sourceTree = "<group>"; };
		2D7E01AA247B9CA5001A8B0B /* ComicCellPresenterTests.swift */ = {isa = PBXFileReference; lastKnownFileType = sourcecode.swift; path = ComicCellPresenterTests.swift; sourceTree = "<group>"; };
		2D7E01AC247B9DBF001A8B0B /* ComicCellDoubles.swift */ = {isa = PBXFileReference; lastKnownFileType = sourcecode.swift; path = ComicCellDoubles.swift; sourceTree = "<group>"; };
		2D7E01AE247B9E87001A8B0B /* ComicsPresenterTests.swift */ = {isa = PBXFileReference; lastKnownFileType = sourcecode.swift; path = ComicsPresenterTests.swift; sourceTree = "<group>"; };
		2DC96C23247942CB006E4E91 /* MarvelCharacters.app */ = {isa = PBXFileReference; explicitFileType = wrapper.application; includeInIndex = 0; path = MarvelCharacters.app; sourceTree = BUILT_PRODUCTS_DIR; };
		2DC96C26247942CB006E4E91 /* AppDelegate.swift */ = {isa = PBXFileReference; lastKnownFileType = sourcecode.swift; path = AppDelegate.swift; sourceTree = "<group>"; };
		2DC96C2F247942D1006E4E91 /* Assets.xcassets */ = {isa = PBXFileReference; lastKnownFileType = folder.assetcatalog; path = Assets.xcassets; sourceTree = "<group>"; };
		2DC96C32247942D1006E4E91 /* Base */ = {isa = PBXFileReference; lastKnownFileType = file.storyboard; name = Base; path = Base.lproj/LaunchScreen.storyboard; sourceTree = "<group>"; };
		2DC96C34247942D1006E4E91 /* Info.plist */ = {isa = PBXFileReference; lastKnownFileType = text.plist.xml; path = Info.plist; sourceTree = "<group>"; };
		2DC96C43247945A7006E4E91 /* CharactersViewController.swift */ = {isa = PBXFileReference; lastKnownFileType = sourcecode.swift; path = CharactersViewController.swift; sourceTree = "<group>"; };
		2DC96C45247946C5006E4E91 /* CharactersRouter.swift */ = {isa = PBXFileReference; lastKnownFileType = sourcecode.swift; path = CharactersRouter.swift; sourceTree = "<group>"; };
		2DC96C4724794731006E4E91 /* CharactersPresenter.swift */ = {isa = PBXFileReference; lastKnownFileType = sourcecode.swift; path = CharactersPresenter.swift; sourceTree = "<group>"; };
		2DC96C4924794EC9006E4E91 /* UIColor.swift */ = {isa = PBXFileReference; lastKnownFileType = sourcecode.swift; path = UIColor.swift; sourceTree = "<group>"; };
		2DC96C4C24794F37006E4E91 /* StyleSheet.swift */ = {isa = PBXFileReference; lastKnownFileType = sourcecode.swift; path = StyleSheet.swift; sourceTree = "<group>"; };
		2DC96C4E2479501B006E4E91 /* UIFont.swift */ = {isa = PBXFileReference; lastKnownFileType = sourcecode.swift; path = UIFont.swift; sourceTree = "<group>"; };
		2DC96C512479551A006E4E91 /* UIViewController.swift */ = {isa = PBXFileReference; lastKnownFileType = sourcecode.swift; path = UIViewController.swift; sourceTree = "<group>"; };
		2DC96C5324795650006E4E91 /* CharacterCell.swift */ = {isa = PBXFileReference; lastKnownFileType = sourcecode.swift; path = CharacterCell.swift; sourceTree = "<group>"; };
		2DCE21A22479662800C49785 /* Path.swift */ = {isa = PBXFileReference; lastKnownFileType = sourcecode.swift; path = Path.swift; sourceTree = "<group>"; };
		2DCE21A52479921E00C49785 /* APICore.swift */ = {isa = PBXFileReference; lastKnownFileType = sourcecode.swift; path = APICore.swift; sourceTree = "<group>"; };
		2DCE21A72479934000C49785 /* AppError.swift */ = {isa = PBXFileReference; lastKnownFileType = sourcecode.swift; path = AppError.swift; sourceTree = "<group>"; };
		2DCE21AA24799C7900C49785 /* APIResponse.swift */ = {isa = PBXFileReference; lastKnownFileType = sourcecode.swift; path = APIResponse.swift; sourceTree = "<group>"; };
		2DCE21AC2479B7D600C49785 /* CharactersService.swift */ = {isa = PBXFileReference; lastKnownFileType = sourcecode.swift; path = CharactersService.swift; sourceTree = "<group>"; };
		2DE4CF7A2479D371000C5CC4 /* CharactersProtocols.swift */ = {isa = PBXFileReference; lastKnownFileType = sourcecode.swift; path = CharactersProtocols.swift; sourceTree = "<group>"; };
		2DE4CF7E247A2569000C5CC4 /* Loader.swift */ = {isa = PBXFileReference; lastKnownFileType = sourcecode.swift; path = Loader.swift; sourceTree = "<group>"; };
		2DE4CF80247A25A6000C5CC4 /* ActivityIndicator.swift */ = {isa = PBXFileReference; lastKnownFileType = sourcecode.swift; path = ActivityIndicator.swift; sourceTree = "<group>"; };
		2DE4CF82247A2724000C5CC4 /* CharacterCellPresenter.swift */ = {isa = PBXFileReference; lastKnownFileType = sourcecode.swift; path = CharacterCellPresenter.swift; sourceTree = "<group>"; };
		2DE4CF84247A27B4000C5CC4 /* CharacterCellProtocols.swift */ = {isa = PBXFileReference; lastKnownFileType = sourcecode.swift; path = CharacterCellProtocols.swift; sourceTree = "<group>"; };
		2DE4CF87247A2CDF000C5CC4 /* UIImageView.swift */ = {isa = PBXFileReference; lastKnownFileType = sourcecode.swift; path = UIImageView.swift; sourceTree = "<group>"; };
		2DE4CF89247A35DE000C5CC4 /* Character.swift */ = {isa = PBXFileReference; lastKnownFileType = sourcecode.swift; path = Character.swift; sourceTree = "<group>"; };
		2DE4CF8B247A45B1000C5CC4 /* CharacterDetailsViewController.swift */ = {isa = PBXFileReference; lastKnownFileType = sourcecode.swift; path = CharacterDetailsViewController.swift; sourceTree = "<group>"; };
		2DE4CF8D247A45BA000C5CC4 /* CharacterDetailsPresenter.swift */ = {isa = PBXFileReference; lastKnownFileType = sourcecode.swift; path = CharacterDetailsPresenter.swift; sourceTree = "<group>"; };
		2DE4CF8F247A45C3000C5CC4 /* CharacterDetailsRouter.swift */ = {isa = PBXFileReference; lastKnownFileType = sourcecode.swift; path = CharacterDetailsRouter.swift; sourceTree = "<group>"; };
		2DE4CF91247A45CC000C5CC4 /* CharacterDetailsProtocols.swift */ = {isa = PBXFileReference; lastKnownFileType = sourcecode.swift; path = CharacterDetailsProtocols.swift; sourceTree = "<group>"; };
		2DE4CF93247A5200000C5CC4 /* CustomViewController.swift */ = {isa = PBXFileReference; lastKnownFileType = sourcecode.swift; path = CustomViewController.swift; sourceTree = "<group>"; };
		2DE4CF96247A6943000C5CC4 /* ComicCell.swift */ = {isa = PBXFileReference; lastKnownFileType = sourcecode.swift; path = ComicCell.swift; sourceTree = "<group>"; };
		2DE4CF98247B0653000C5CC4 /* ComicCellPresenter.swift */ = {isa = PBXFileReference; lastKnownFileType = sourcecode.swift; path = ComicCellPresenter.swift; sourceTree = "<group>"; };
		2DE4CF9A247B0693000C5CC4 /* ComicCellProtocols.swift */ = {isa = PBXFileReference; lastKnownFileType = sourcecode.swift; path = ComicCellProtocols.swift; sourceTree = "<group>"; };
		2DE4CF9D247B38B1000C5CC4 /* ComicsViewController.swift */ = {isa = PBXFileReference; lastKnownFileType = sourcecode.swift; path = ComicsViewController.swift; sourceTree = "<group>"; };
		2DE4CF9F247B38E3000C5CC4 /* ComicsPresenter.swift */ = {isa = PBXFileReference; lastKnownFileType = sourcecode.swift; path = ComicsPresenter.swift; sourceTree = "<group>"; };
		2DE4CFA1247B38FE000C5CC4 /* ComicsRouter.swift */ = {isa = PBXFileReference; lastKnownFileType = sourcecode.swift; path = ComicsRouter.swift; sourceTree = "<group>"; };
		2DEFDAC5247B7DB30030BB32 /* MarvelCharactersTests.xctest */ = {isa = PBXFileReference; explicitFileType = wrapper.cfbundle; includeInIndex = 0; path = MarvelCharactersTests.xctest; sourceTree = BUILT_PRODUCTS_DIR; };
		2DEFDAC7247B7DB40030BB32 /* CharactersPresenterTests.swift */ = {isa = PBXFileReference; lastKnownFileType = sourcecode.swift; path = CharactersPresenterTests.swift; sourceTree = "<group>"; };
		2DEFDAC9247B7DB40030BB32 /* Info.plist */ = {isa = PBXFileReference; lastKnownFileType = text.plist.xml; path = Info.plist; sourceTree = "<group>"; };
		70EA54D048413F7D473F4A42 /* Pods-MarvelCharacters.debug.xcconfig */ = {isa = PBXFileReference; includeInIndex = 1; lastKnownFileType = text.xcconfig; name = "Pods-MarvelCharacters.debug.xcconfig"; path = "Target Support Files/Pods-MarvelCharacters/Pods-MarvelCharacters.debug.xcconfig"; sourceTree = "<group>"; };
		9371A342094CC611288A40AB /* Pods_MarvelCharacters.framework */ = {isa = PBXFileReference; explicitFileType = wrapper.framework; includeInIndex = 0; path = Pods_MarvelCharacters.framework; sourceTree = BUILT_PRODUCTS_DIR; };
		E047B66EFB055B07EED9827B /* Pods-MarvelCharacters.release.xcconfig */ = {isa = PBXFileReference; includeInIndex = 1; lastKnownFileType = text.xcconfig; name = "Pods-MarvelCharacters.release.xcconfig"; path = "Target Support Files/Pods-MarvelCharacters/Pods-MarvelCharacters.release.xcconfig"; sourceTree = "<group>"; };
/* End PBXFileReference section */

/* Begin PBXFrameworksBuildPhase section */
		2DC96C20247942CB006E4E91 /* Frameworks */ = {
			isa = PBXFrameworksBuildPhase;
			buildActionMask = 2147483647;
			files = (
				0F127C00BFE5595B59CEFA39 /* Pods_MarvelCharacters.framework in Frameworks */,
			);
			runOnlyForDeploymentPostprocessing = 0;
		};
		2DEFDAC2247B7DB30030BB32 /* Frameworks */ = {
			isa = PBXFrameworksBuildPhase;
			buildActionMask = 2147483647;
			files = (
			);
			runOnlyForDeploymentPostprocessing = 0;
		};
/* End PBXFrameworksBuildPhase section */

/* Begin PBXGroup section */
		2D7E019B247B8D3F001A8B0B /* Cell */ = {
			isa = PBXGroup;
			children = (
				2D7E0199247B88F3001A8B0B /* CharacterCellPresenterTests.swift */,
				2D7E01A6247B9C37001A8B0B /* CharacterCellDoubles.swift */,
			);
			path = Cell;
			sourceTree = "<group>";
		};
		2D7E019C247B8D8F001A8B0B /* CharactersDetails */ = {
			isa = PBXGroup;
			children = (
				2D7E01A1247B9B96001A8B0B /* CharacterDetailsDouble.swift */,
				2D7E019D247B8DB5001A8B0B /* CharacterDetailsPresenterTests.swift */,
			);
			path = CharactersDetails;
			sourceTree = "<group>";
		};
		2D7E01A8247B9C6C001A8B0B /* Comics */ = {
			isa = PBXGroup;
			children = (
				2D7E01A9247B9C75001A8B0B /* Cell */,
				2D7E01AE247B9E87001A8B0B /* ComicsPresenterTests.swift */,
			);
			path = Comics;
			sourceTree = "<group>";
		};
		2D7E01A9247B9C75001A8B0B /* Cell */ = {
			isa = PBXGroup;
			children = (
				2D7E01AC247B9DBF001A8B0B /* ComicCellDoubles.swift */,
				2D7E01AA247B9CA5001A8B0B /* ComicCellPresenterTests.swift */,
			);
			path = Cell;
			sourceTree = "<group>";
		};
		2DC96C1A247942CB006E4E91 = {
			isa = PBXGroup;
			children = (
				2DC96C25247942CB006E4E91 /* MarvelCharacters */,
				2DEFDAC6247B7DB40030BB32 /* MarvelCharactersTests */,
				2DC96C24247942CB006E4E91 /* Products */,
				A7E711D52CC62469D6420B81 /* Pods */,
				9CDDDC995E13582F4709F09C /* Frameworks */,
			);
			sourceTree = "<group>";
		};
		2DC96C24247942CB006E4E91 /* Products */ = {
			isa = PBXGroup;
			children = (
				2DC96C23247942CB006E4E91 /* MarvelCharacters.app */,
				2DEFDAC5247B7DB30030BB32 /* MarvelCharactersTests.xctest */,
			);
			name = Products;
			sourceTree = "<group>";
		};
		2DC96C25247942CB006E4E91 /* MarvelCharacters */ = {
			isa = PBXGroup;
			children = (
				2DC96C3B2479431C006E4E91 /* App */,
				2DCE21A12479661700C49785 /* API */,
				2DC96C3F2479447B006E4E91 /* Errors */,
				2DC96C40247944C4006E4E91 /* Entities */,
				2DC96C3C2479436C006E4E91 /* Scenes */,
				2DC96C4B24794F20006E4E91 /* Colors */,
				2DC96C3D24794375006E4E91 /* Extensions */,
				2DE4CF7C247A2522000C5CC4 /* Components */,
				2DC96C3A2479430E006E4E91 /* Resources */,
			);
			path = MarvelCharacters;
			sourceTree = "<group>";
		};
		2DC96C3A2479430E006E4E91 /* Resources */ = {
			isa = PBXGroup;
			children = (
				2DC96C2F247942D1006E4E91 /* Assets.xcassets */,
				2DC96C31247942D1006E4E91 /* LaunchScreen.storyboard */,
				2DC96C34247942D1006E4E91 /* Info.plist */,
			);
			path = Resources;
			sourceTree = "<group>";
		};
		2DC96C3B2479431C006E4E91 /* App */ = {
			isa = PBXGroup;
			children = (
				2DC96C26247942CB006E4E91 /* AppDelegate.swift */,
			);
			path = App;
			sourceTree = "<group>";
		};
		2DC96C3C2479436C006E4E91 /* Scenes */ = {
			isa = PBXGroup;
			children = (
				2DC96C41247944F7006E4E91 /* Characters */,
				2DC96C4224794535006E4E91 /* CharacterDetails */,
				2DE4CF9C247B3732000C5CC4 /* Comics */,
			);
			path = Scenes;
			sourceTree = "<group>";
		};
		2DC96C3D24794375006E4E91 /* Extensions */ = {
			isa = PBXGroup;
			children = (
				2DC96C3E247943A1006E4E91 /* UI */,
			);
			path = Extensions;
			sourceTree = "<group>";
		};
		2DC96C3E247943A1006E4E91 /* UI */ = {
			isa = PBXGroup;
			children = (
				2DC96C4924794EC9006E4E91 /* UIColor.swift */,
				2DC96C4E2479501B006E4E91 /* UIFont.swift */,
				2DC96C512479551A006E4E91 /* UIViewController.swift */,
				2DE4CF87247A2CDF000C5CC4 /* UIImageView.swift */,
			);
			path = UI;
			sourceTree = "<group>";
		};
		2DC96C3F2479447B006E4E91 /* Errors */ = {
			isa = PBXGroup;
			children = (
				2DCE21A72479934000C49785 /* AppError.swift */,
			);
			path = Errors;
			sourceTree = "<group>";
		};
		2DC96C40247944C4006E4E91 /* Entities */ = {
			isa = PBXGroup;
			children = (
				2DCE21AA24799C7900C49785 /* APIResponse.swift */,
				2DE4CF89247A35DE000C5CC4 /* Character.swift */,
				2D5540D7247B4E4500AF53A8 /* Comics.swift */,
				2D5540D9247B4E6D00AF53A8 /* ComicSummary.swift */,
			);
			path = Entities;
			sourceTree = "<group>";
		};
		2DC96C41247944F7006E4E91 /* Characters */ = {
			isa = PBXGroup;
			children = (
				2DC96C5524795655006E4E91 /* Cell */,
				2DC96C43247945A7006E4E91 /* CharactersViewController.swift */,
				2DC96C4724794731006E4E91 /* CharactersPresenter.swift */,
				2DCE21AC2479B7D600C49785 /* CharactersService.swift */,
				2DC96C45247946C5006E4E91 /* CharactersRouter.swift */,
				2DE4CF7A2479D371000C5CC4 /* CharactersProtocols.swift */,
			);
			path = Characters;
			sourceTree = "<group>";
		};
		2DC96C4224794535006E4E91 /* CharacterDetails */ = {
			isa = PBXGroup;
			children = (
				2DE4CF8B247A45B1000C5CC4 /* CharacterDetailsViewController.swift */,
				2DE4CF8D247A45BA000C5CC4 /* CharacterDetailsPresenter.swift */,
				2DE4CF8F247A45C3000C5CC4 /* CharacterDetailsRouter.swift */,
				2DE4CF91247A45CC000C5CC4 /* CharacterDetailsProtocols.swift */,
			);
			path = CharacterDetails;
			sourceTree = "<group>";
		};
		2DC96C4B24794F20006E4E91 /* Colors */ = {
			isa = PBXGroup;
			children = (
				2DC96C4C24794F37006E4E91 /* StyleSheet.swift */,
			);
			path = Colors;
			sourceTree = "<group>";
		};
		2DC96C5524795655006E4E91 /* Cell */ = {
			isa = PBXGroup;
			children = (
				2DC96C5324795650006E4E91 /* CharacterCell.swift */,
				2DE4CF82247A2724000C5CC4 /* CharacterCellPresenter.swift */,
				2DE4CF84247A27B4000C5CC4 /* CharacterCellProtocols.swift */,
			);
			path = Cell;
			sourceTree = "<group>";
		};
		2DCE21A12479661700C49785 /* API */ = {
			isa = PBXGroup;
			children = (
				2DCE21A22479662800C49785 /* Path.swift */,
				2DCE21A52479921E00C49785 /* APICore.swift */,
			);
			path = API;
			sourceTree = "<group>";
		};
		2DE4CF7C247A2522000C5CC4 /* Components */ = {
			isa = PBXGroup;
			children = (
				2DE4CF7D247A252C000C5CC4 /* Loader */,
				2DE4CF93247A5200000C5CC4 /* CustomViewController.swift */,
			);
			path = Components;
			sourceTree = "<group>";
		};
		2DE4CF7D247A252C000C5CC4 /* Loader */ = {
			isa = PBXGroup;
			children = (
				2DE4CF7E247A2569000C5CC4 /* Loader.swift */,
				2DE4CF80247A25A6000C5CC4 /* ActivityIndicator.swift */,
			);
			path = Loader;
			sourceTree = "<group>";
		};
		2DE4CF95247A6934000C5CC4 /* Cell */ = {
			isa = PBXGroup;
			children = (
				2DE4CF96247A6943000C5CC4 /* ComicCell.swift */,
				2DE4CF98247B0653000C5CC4 /* ComicCellPresenter.swift */,
				2DE4CF9A247B0693000C5CC4 /* ComicCellProtocols.swift */,
			);
			path = Cell;
			sourceTree = "<group>";
		};
		2DE4CF9C247B3732000C5CC4 /* Comics */ = {
			isa = PBXGroup;
			children = (
				2DE4CF95247A6934000C5CC4 /* Cell */,
				2DE4CF9D247B38B1000C5CC4 /* ComicsViewController.swift */,
				2DE4CF9F247B38E3000C5CC4 /* ComicsPresenter.swift */,
				2DE4CFA1247B38FE000C5CC4 /* ComicsRouter.swift */,
			);
			path = Comics;
			sourceTree = "<group>";
		};
		2DEFDAC6247B7DB40030BB32 /* MarvelCharactersTests */ = {
			isa = PBXGroup;
			children = (
				2D7E01A4247B9BDC001A8B0B /* Fixtures.swift */,
				2DEFDACF247B7DD20030BB32 /* Characters */,
				2D7E019C247B8D8F001A8B0B /* CharactersDetails */,
				2D7E01A8247B9C6C001A8B0B /* Comics */,
				2DEFDAC9247B7DB40030BB32 /* Info.plist */,
			);
			path = MarvelCharactersTests;
			sourceTree = "<group>";
		};
		2DEFDACF247B7DD20030BB32 /* Characters */ = {
			isa = PBXGroup;
			children = (
				2D7E019B247B8D3F001A8B0B /* Cell */,
				2D7E0197247B88A4001A8B0B /* CharactersDoubles.swift */,
				2DEFDAC7247B7DB40030BB32 /* CharactersPresenterTests.swift */,
			);
			path = Characters;
			sourceTree = "<group>";
		};
		9CDDDC995E13582F4709F09C /* Frameworks */ = {
			isa = PBXGroup;
			children = (
				9371A342094CC611288A40AB /* Pods_MarvelCharacters.framework */,
			);
			name = Frameworks;
			sourceTree = "<group>";
		};
		A7E711D52CC62469D6420B81 /* Pods */ = {
			isa = PBXGroup;
			children = (
				70EA54D048413F7D473F4A42 /* Pods-MarvelCharacters.debug.xcconfig */,
				E047B66EFB055B07EED9827B /* Pods-MarvelCharacters.release.xcconfig */,
			);
			path = Pods;
			sourceTree = "<group>";
		};
/* End PBXGroup section */

/* Begin PBXNativeTarget section */
		2DC96C22247942CB006E4E91 /* MarvelCharacters */ = {
			isa = PBXNativeTarget;
			buildConfigurationList = 2DC96C37247942D1006E4E91 /* Build configuration list for PBXNativeTarget "MarvelCharacters" */;
			buildPhases = (
				63361048143F0DBE1568C53F /* [CP] Check Pods Manifest.lock */,
				2DC96C1F247942CB006E4E91 /* Sources */,
				2DC96C20247942CB006E4E91 /* Frameworks */,
				2DC96C21247942CB006E4E91 /* Resources */,
				9CC5DF318420D72D39CD145A /* [CP] Embed Pods Frameworks */,
			);
			buildRules = (
			);
			dependencies = (
			);
			name = MarvelCharacters;
			productName = MarvelCharacters;
			productReference = 2DC96C23247942CB006E4E91 /* MarvelCharacters.app */;
			productType = "com.apple.product-type.application";
		};
		2DEFDAC4247B7DB30030BB32 /* MarvelCharactersTests */ = {
			isa = PBXNativeTarget;
			buildConfigurationList = 2DEFDACE247B7DB40030BB32 /* Build configuration list for PBXNativeTarget "MarvelCharactersTests" */;
			buildPhases = (
				2DEFDAC1247B7DB30030BB32 /* Sources */,
				2DEFDAC2247B7DB30030BB32 /* Frameworks */,
				2DEFDAC3247B7DB30030BB32 /* Resources */,
			);
			buildRules = (
			);
			dependencies = (
				2DEFDACB247B7DB40030BB32 /* PBXTargetDependency */,
			);
			name = MarvelCharactersTests;
			productName = MarvelCharactersTests;
			productReference = 2DEFDAC5247B7DB30030BB32 /* MarvelCharactersTests.xctest */;
			productType = "com.apple.product-type.bundle.unit-test";
		};
/* End PBXNativeTarget section */

/* Begin PBXProject section */
		2DC96C1B247942CB006E4E91 /* Project object */ = {
			isa = PBXProject;
			attributes = {
				LastSwiftUpdateCheck = 1110;
				LastUpgradeCheck = 1110;
				ORGANIZATIONNAME = "Tales Lemes";
				TargetAttributes = {
					2DC96C22247942CB006E4E91 = {
						CreatedOnToolsVersion = 11.1;
					};
					2DEFDAC4247B7DB30030BB32 = {
						CreatedOnToolsVersion = 11.1;
						TestTargetID = 2DC96C22247942CB006E4E91;
					};
				};
			};
			buildConfigurationList = 2DC96C1E247942CB006E4E91 /* Build configuration list for PBXProject "MarvelCharacters" */;
			compatibilityVersion = "Xcode 9.3";
			developmentRegion = en;
			hasScannedForEncodings = 0;
			knownRegions = (
				en,
				Base,
			);
			mainGroup = 2DC96C1A247942CB006E4E91;
			productRefGroup = 2DC96C24247942CB006E4E91 /* Products */;
			projectDirPath = "";
			projectRoot = "";
			targets = (
				2DC96C22247942CB006E4E91 /* MarvelCharacters */,
				2DEFDAC4247B7DB30030BB32 /* MarvelCharactersTests */,
			);
		};
/* End PBXProject section */

/* Begin PBXResourcesBuildPhase section */
		2DC96C21247942CB006E4E91 /* Resources */ = {
			isa = PBXResourcesBuildPhase;
			buildActionMask = 2147483647;
			files = (
				2DC96C33247942D1006E4E91 /* LaunchScreen.storyboard in Resources */,
				2DC96C30247942D1006E4E91 /* Assets.xcassets in Resources */,
			);
			runOnlyForDeploymentPostprocessing = 0;
		};
		2DEFDAC3247B7DB30030BB32 /* Resources */ = {
			isa = PBXResourcesBuildPhase;
			buildActionMask = 2147483647;
			files = (
			);
			runOnlyForDeploymentPostprocessing = 0;
		};
/* End PBXResourcesBuildPhase section */

/* Begin PBXShellScriptBuildPhase section */
		63361048143F0DBE1568C53F /* [CP] Check Pods Manifest.lock */ = {
			isa = PBXShellScriptBuildPhase;
			buildActionMask = 2147483647;
			files = (
			);
			inputFileListPaths = (
			);
			inputPaths = (
				"${PODS_PODFILE_DIR_PATH}/Podfile.lock",
				"${PODS_ROOT}/Manifest.lock",
			);
			name = "[CP] Check Pods Manifest.lock";
			outputFileListPaths = (
			);
			outputPaths = (
				"$(DERIVED_FILE_DIR)/Pods-MarvelCharacters-checkManifestLockResult.txt",
			);
			runOnlyForDeploymentPostprocessing = 0;
			shellPath = /bin/sh;
			shellScript = "diff \"${PODS_PODFILE_DIR_PATH}/Podfile.lock\" \"${PODS_ROOT}/Manifest.lock\" > /dev/null\nif [ $? != 0 ] ; then\n    # print error to STDERR\n    echo \"error: The sandbox is not in sync with the Podfile.lock. Run 'pod install' or update your CocoaPods installation.\" >&2\n    exit 1\nfi\n# This output is used by Xcode 'outputs' to avoid re-running this script phase.\necho \"SUCCESS\" > \"${SCRIPT_OUTPUT_FILE_0}\"\n";
			showEnvVarsInLog = 0;
		};
		9CC5DF318420D72D39CD145A /* [CP] Embed Pods Frameworks */ = {
			isa = PBXShellScriptBuildPhase;
			buildActionMask = 2147483647;
			files = (
			);
			inputFileListPaths = (
				"${PODS_ROOT}/Target Support Files/Pods-MarvelCharacters/Pods-MarvelCharacters-frameworks-${CONFIGURATION}-input-files.xcfilelist",
			);
			name = "[CP] Embed Pods Frameworks";
			outputFileListPaths = (
				"${PODS_ROOT}/Target Support Files/Pods-MarvelCharacters/Pods-MarvelCharacters-frameworks-${CONFIGURATION}-output-files.xcfilelist",
			);
			runOnlyForDeploymentPostprocessing = 0;
			shellPath = /bin/sh;
			shellScript = "\"${PODS_ROOT}/Target Support Files/Pods-MarvelCharacters/Pods-MarvelCharacters-frameworks.sh\"\n";
			showEnvVarsInLog = 0;
		};
/* End PBXShellScriptBuildPhase section */

/* Begin PBXSourcesBuildPhase section */
		2DC96C1F247942CB006E4E91 /* Sources */ = {
			isa = PBXSourcesBuildPhase;
			buildActionMask = 2147483647;
			files = (
				2DC96C4824794731006E4E91 /* CharactersPresenter.swift in Sources */,
				2DC96C44247945A7006E4E91 /* CharactersViewController.swift in Sources */,
				2DE4CFA0247B38E3000C5CC4 /* ComicsPresenter.swift in Sources */,
				2DC96C46247946C5006E4E91 /* CharactersRouter.swift in Sources */,
				2DE4CF97247A6943000C5CC4 /* ComicCell.swift in Sources */,
				2D5540D8247B4E4500AF53A8 /* Comics.swift in Sources */,
				2DC96C5424795650006E4E91 /* CharacterCell.swift in Sources */,
				2DC96C4F2479501B006E4E91 /* UIFont.swift in Sources */,
				2DC96C27247942CB006E4E91 /* AppDelegate.swift in Sources */,
				2DE4CF83247A2724000C5CC4 /* CharacterCellPresenter.swift in Sources */,
				2DCE21A32479662800C49785 /* Path.swift in Sources */,
				2DCE21AD2479B7D600C49785 /* CharactersService.swift in Sources */,
				2DE4CF8A247A35DE000C5CC4 /* Character.swift in Sources */,
				2DE4CFA2247B38FE000C5CC4 /* ComicsRouter.swift in Sources */,
				2DE4CF85247A27B4000C5CC4 /* CharacterCellProtocols.swift in Sources */,
				2DE4CF9E247B38B1000C5CC4 /* ComicsViewController.swift in Sources */,
				2DE4CF90247A45C3000C5CC4 /* CharacterDetailsRouter.swift in Sources */,
				2DCE21AB24799C7900C49785 /* APIResponse.swift in Sources */,
				2DE4CF9B247B0693000C5CC4 /* ComicCellProtocols.swift in Sources */,
				2DC96C4A24794EC9006E4E91 /* UIColor.swift in Sources */,
				2DCE21A82479934000C49785 /* AppError.swift in Sources */,
				2DE4CF7B2479D371000C5CC4 /* CharactersProtocols.swift in Sources */,
				2DE4CF8C247A45B1000C5CC4 /* CharacterDetailsViewController.swift in Sources */,
				2DCE21A62479921F00C49785 /* APICore.swift in Sources */,
				2DC96C522479551A006E4E91 /* UIViewController.swift in Sources */,
				2DE4CF94247A5200000C5CC4 /* CustomViewController.swift in Sources */,
				2DE4CF88247A2CDF000C5CC4 /* UIImageView.swift in Sources */,
				2DE4CF99247B0653000C5CC4 /* ComicCellPresenter.swift in Sources */,
				2DE4CF7F247A2569000C5CC4 /* Loader.swift in Sources */,
				2DE4CF92247A45CC000C5CC4 /* CharacterDetailsProtocols.swift in Sources */,
				2DC96C4D24794F37006E4E91 /* StyleSheet.swift in Sources */,
				2DE4CF8E247A45BA000C5CC4 /* CharacterDetailsPresenter.swift in Sources */,
				2D5540DA247B4E6D00AF53A8 /* ComicSummary.swift in Sources */,
				2DE4CF81247A25A6000C5CC4 /* ActivityIndicator.swift in Sources */,
			);
			runOnlyForDeploymentPostprocessing = 0;
		};
		2DEFDAC1247B7DB30030BB32 /* Sources */ = {
			isa = PBXSourcesBuildPhase;
			buildActionMask = 2147483647;
			files = (
				2D7E0198247B88A4001A8B0B /* CharactersDoubles.swift in Sources */,
				2D7E019E247B8DB5001A8B0B /* CharacterDetailsPresenterTests.swift in Sources */,
				2D7E01AD247B9DBF001A8B0B /* ComicCellDoubles.swift in Sources */,
				2DEFDAC8247B7DB40030BB32 /* CharactersPresenterTests.swift in Sources */,
				2D7E019A247B88F3001A8B0B /* CharacterCellPresenterTests.swift in Sources */,
				2D7E01A7247B9C37001A8B0B /* CharacterCellDoubles.swift in Sources */,
				2D7E01A2247B9B96001A8B0B /* CharacterDetailsDouble.swift in Sources */,
				2D7E01AB247B9CA5001A8B0B /* ComicCellPresenterTests.swift in Sources */,
				2D7E01AF247B9E87001A8B0B /* ComicsPresenterTests.swift in Sources */,
				2D7E01A5247B9BDC001A8B0B /* Fixtures.swift in Sources */,
			);
			runOnlyForDeploymentPostprocessing = 0;
		};
/* End PBXSourcesBuildPhase section */

/* Begin PBXTargetDependency section */
		2DEFDACB247B7DB40030BB32 /* PBXTargetDependency */ = {
			isa = PBXTargetDependency;
			target = 2DC96C22247942CB006E4E91 /* MarvelCharacters */;
			targetProxy = 2DEFDACA247B7DB40030BB32 /* PBXContainerItemProxy */;
		};
/* End PBXTargetDependency section */

/* Begin PBXVariantGroup section */
		2DC96C31247942D1006E4E91 /* LaunchScreen.storyboard */ = {
			isa = PBXVariantGroup;
			children = (
				2DC96C32247942D1006E4E91 /* Base */,
			);
			name = LaunchScreen.storyboard;
			sourceTree = "<group>";
		};
/* End PBXVariantGroup section */

/* Begin XCBuildConfiguration section */
		2DC96C35247942D1006E4E91 /* Debug */ = {
			isa = XCBuildConfiguration;
			buildSettings = {
				ALWAYS_SEARCH_USER_PATHS = NO;
				CLANG_ANALYZER_NONNULL = YES;
				CLANG_ANALYZER_NUMBER_OBJECT_CONVERSION = YES_AGGRESSIVE;
				CLANG_CXX_LANGUAGE_STANDARD = "gnu++14";
				CLANG_CXX_LIBRARY = "libc++";
				CLANG_ENABLE_MODULES = YES;
				CLANG_ENABLE_OBJC_ARC = YES;
				CLANG_ENABLE_OBJC_WEAK = YES;
				CLANG_WARN_BLOCK_CAPTURE_AUTORELEASING = YES;
				CLANG_WARN_BOOL_CONVERSION = YES;
				CLANG_WARN_COMMA = YES;
				CLANG_WARN_CONSTANT_CONVERSION = YES;
				CLANG_WARN_DEPRECATED_OBJC_IMPLEMENTATIONS = YES;
				CLANG_WARN_DIRECT_OBJC_ISA_USAGE = YES_ERROR;
				CLANG_WARN_DOCUMENTATION_COMMENTS = YES;
				CLANG_WARN_EMPTY_BODY = YES;
				CLANG_WARN_ENUM_CONVERSION = YES;
				CLANG_WARN_INFINITE_RECURSION = YES;
				CLANG_WARN_INT_CONVERSION = YES;
				CLANG_WARN_NON_LITERAL_NULL_CONVERSION = YES;
				CLANG_WARN_OBJC_IMPLICIT_RETAIN_SELF = YES;
				CLANG_WARN_OBJC_LITERAL_CONVERSION = YES;
				CLANG_WARN_OBJC_ROOT_CLASS = YES_ERROR;
				CLANG_WARN_RANGE_LOOP_ANALYSIS = YES;
				CLANG_WARN_STRICT_PROTOTYPES = YES;
				CLANG_WARN_SUSPICIOUS_MOVE = YES;
				CLANG_WARN_UNGUARDED_AVAILABILITY = YES_AGGRESSIVE;
				CLANG_WARN_UNREACHABLE_CODE = YES;
				CLANG_WARN__DUPLICATE_METHOD_MATCH = YES;
				COPY_PHASE_STRIP = NO;
				DEBUG_INFORMATION_FORMAT = dwarf;
				ENABLE_STRICT_OBJC_MSGSEND = YES;
				ENABLE_TESTABILITY = YES;
				GCC_C_LANGUAGE_STANDARD = gnu11;
				GCC_DYNAMIC_NO_PIC = NO;
				GCC_NO_COMMON_BLOCKS = YES;
				GCC_OPTIMIZATION_LEVEL = 0;
				GCC_PREPROCESSOR_DEFINITIONS = (
					"DEBUG=1",
					"$(inherited)",
				);
				GCC_WARN_64_TO_32_BIT_CONVERSION = YES;
				GCC_WARN_ABOUT_RETURN_TYPE = YES_ERROR;
				GCC_WARN_UNDECLARED_SELECTOR = YES;
				GCC_WARN_UNINITIALIZED_AUTOS = YES_AGGRESSIVE;
				GCC_WARN_UNUSED_FUNCTION = YES;
				GCC_WARN_UNUSED_VARIABLE = YES;
				IPHONEOS_DEPLOYMENT_TARGET = 13.1;
				MTL_ENABLE_DEBUG_INFO = INCLUDE_SOURCE;
				MTL_FAST_MATH = YES;
				ONLY_ACTIVE_ARCH = YES;
				SDKROOT = iphoneos;
				SWIFT_ACTIVE_COMPILATION_CONDITIONS = DEBUG;
				SWIFT_OPTIMIZATION_LEVEL = "-Onone";
			};
			name = Debug;
		};
		2DC96C36247942D1006E4E91 /* Release */ = {
			isa = XCBuildConfiguration;
			buildSettings = {
				ALWAYS_SEARCH_USER_PATHS = NO;
				CLANG_ANALYZER_NONNULL = YES;
				CLANG_ANALYZER_NUMBER_OBJECT_CONVERSION = YES_AGGRESSIVE;
				CLANG_CXX_LANGUAGE_STANDARD = "gnu++14";
				CLANG_CXX_LIBRARY = "libc++";
				CLANG_ENABLE_MODULES = YES;
				CLANG_ENABLE_OBJC_ARC = YES;
				CLANG_ENABLE_OBJC_WEAK = YES;
				CLANG_WARN_BLOCK_CAPTURE_AUTORELEASING = YES;
				CLANG_WARN_BOOL_CONVERSION = YES;
				CLANG_WARN_COMMA = YES;
				CLANG_WARN_CONSTANT_CONVERSION = YES;
				CLANG_WARN_DEPRECATED_OBJC_IMPLEMENTATIONS = YES;
				CLANG_WARN_DIRECT_OBJC_ISA_USAGE = YES_ERROR;
				CLANG_WARN_DOCUMENTATION_COMMENTS = YES;
				CLANG_WARN_EMPTY_BODY = YES;
				CLANG_WARN_ENUM_CONVERSION = YES;
				CLANG_WARN_INFINITE_RECURSION = YES;
				CLANG_WARN_INT_CONVERSION = YES;
				CLANG_WARN_NON_LITERAL_NULL_CONVERSION = YES;
				CLANG_WARN_OBJC_IMPLICIT_RETAIN_SELF = YES;
				CLANG_WARN_OBJC_LITERAL_CONVERSION = YES;
				CLANG_WARN_OBJC_ROOT_CLASS = YES_ERROR;
				CLANG_WARN_RANGE_LOOP_ANALYSIS = YES;
				CLANG_WARN_STRICT_PROTOTYPES = YES;
				CLANG_WARN_SUSPICIOUS_MOVE = YES;
				CLANG_WARN_UNGUARDED_AVAILABILITY = YES_AGGRESSIVE;
				CLANG_WARN_UNREACHABLE_CODE = YES;
				CLANG_WARN__DUPLICATE_METHOD_MATCH = YES;
				COPY_PHASE_STRIP = NO;
				DEBUG_INFORMATION_FORMAT = "dwarf-with-dsym";
				ENABLE_NS_ASSERTIONS = NO;
				ENABLE_STRICT_OBJC_MSGSEND = YES;
				GCC_C_LANGUAGE_STANDARD = gnu11;
				GCC_NO_COMMON_BLOCKS = YES;
				GCC_WARN_64_TO_32_BIT_CONVERSION = YES;
				GCC_WARN_ABOUT_RETURN_TYPE = YES_ERROR;
				GCC_WARN_UNDECLARED_SELECTOR = YES;
				GCC_WARN_UNINITIALIZED_AUTOS = YES_AGGRESSIVE;
				GCC_WARN_UNUSED_FUNCTION = YES;
				GCC_WARN_UNUSED_VARIABLE = YES;
				IPHONEOS_DEPLOYMENT_TARGET = 13.1;
				MTL_ENABLE_DEBUG_INFO = NO;
				MTL_FAST_MATH = YES;
				SDKROOT = iphoneos;
				SWIFT_COMPILATION_MODE = wholemodule;
				SWIFT_OPTIMIZATION_LEVEL = "-O";
				VALIDATE_PRODUCT = YES;
			};
			name = Release;
		};
		2DC96C38247942D1006E4E91 /* Debug */ = {
			isa = XCBuildConfiguration;
			baseConfigurationReference = 70EA54D048413F7D473F4A42 /* Pods-MarvelCharacters.debug.xcconfig */;
			buildSettings = {
				ASSETCATALOG_COMPILER_APPICON_NAME = AppIcon;
				CODE_SIGN_STYLE = Automatic;
				DEVELOPMENT_TEAM = G7Y97ZB44T;
				INFOPLIST_FILE = MarvelCharacters/Resources/Info.plist;
				IPHONEOS_DEPLOYMENT_TARGET = 11.0;
				LD_RUNPATH_SEARCH_PATHS = (
					"$(inherited)",
					"@executable_path/Frameworks",
				);
				PRODUCT_BUNDLE_IDENTIFIER = "com.tales-lemes.MarvelCharacters";
				PRODUCT_NAME = "$(TARGET_NAME)";
				SWIFT_VERSION = 5.0;
				TARGETED_DEVICE_FAMILY = 1;
			};
			name = Debug;
		};
		2DC96C39247942D1006E4E91 /* Release */ = {
			isa = XCBuildConfiguration;
			baseConfigurationReference = E047B66EFB055B07EED9827B /* Pods-MarvelCharacters.release.xcconfig */;
			buildSettings = {
				ASSETCATALOG_COMPILER_APPICON_NAME = AppIcon;
				CODE_SIGN_STYLE = Automatic;
				DEVELOPMENT_TEAM = G7Y97ZB44T;
				INFOPLIST_FILE = MarvelCharacters/Resources/Info.plist;
				IPHONEOS_DEPLOYMENT_TARGET = 11.0;
				LD_RUNPATH_SEARCH_PATHS = (
					"$(inherited)",
					"@executable_path/Frameworks",
				);
				PRODUCT_BUNDLE_IDENTIFIER = "com.tales-lemes.MarvelCharacters";
				PRODUCT_NAME = "$(TARGET_NAME)";
				SWIFT_VERSION = 5.0;
				TARGETED_DEVICE_FAMILY = 1;
			};
			name = Release;
		};
		2DEFDACC247B7DB40030BB32 /* Debug */ = {
			isa = XCBuildConfiguration;
			buildSettings = {
				BUNDLE_LOADER = "$(TEST_HOST)";
				CODE_SIGN_STYLE = Automatic;
				DEVELOPMENT_TEAM = G7Y97ZB44T;
				INFOPLIST_FILE = MarvelCharactersTests/Info.plist;
				LD_RUNPATH_SEARCH_PATHS = (
					"$(inherited)",
					"@executable_path/Frameworks",
					"@loader_path/Frameworks",
				);
				PRODUCT_BUNDLE_IDENTIFIER = "com.tales-lemes.MarvelCharactersTests";
				PRODUCT_NAME = "$(TARGET_NAME)";
				SWIFT_VERSION = 5.0;
				TARGETED_DEVICE_FAMILY = "1,2";
				TEST_HOST = "$(BUILT_PRODUCTS_DIR)/MarvelCharacters.app/MarvelCharacters";
			};
			name = Debug;
		};
		2DEFDACD247B7DB40030BB32 /* Release */ = {
			isa = XCBuildConfiguration;
			buildSettings = {
				BUNDLE_LOADER = "$(TEST_HOST)";
				CODE_SIGN_STYLE = Automatic;
				DEVELOPMENT_TEAM = G7Y97ZB44T;
				INFOPLIST_FILE = MarvelCharactersTests/Info.plist;
				LD_RUNPATH_SEARCH_PATHS = (
					"$(inherited)",
					"@executable_path/Frameworks",
					"@loader_path/Frameworks",
				);
				PRODUCT_BUNDLE_IDENTIFIER = "com.tales-lemes.MarvelCharactersTests";
				PRODUCT_NAME = "$(TARGET_NAME)";
				SWIFT_VERSION = 5.0;
				TARGETED_DEVICE_FAMILY = "1,2";
				TEST_HOST = "$(BUILT_PRODUCTS_DIR)/MarvelCharacters.app/MarvelCharacters";
			};
			name = Release;
		};
/* End XCBuildConfiguration section */

/* Begin XCConfigurationList section */
		2DC96C1E247942CB006E4E91 /* Build configuration list for PBXProject "MarvelCharacters" */ = {
			isa = XCConfigurationList;
			buildConfigurations = (
				2DC96C35247942D1006E4E91 /* Debug */,
				2DC96C36247942D1006E4E91 /* Release */,
			);
			defaultConfigurationIsVisible = 0;
			defaultConfigurationName = Release;
		};
		2DC96C37247942D1006E4E91 /* Build configuration list for PBXNativeTarget "MarvelCharacters" */ = {
			isa = XCConfigurationList;
			buildConfigurations = (
				2DC96C38247942D1006E4E91 /* Debug */,
				2DC96C39247942D1006E4E91 /* Release */,
			);
			defaultConfigurationIsVisible = 0;
			defaultConfigurationName = Release;
		};
		2DEFDACE247B7DB40030BB32 /* Build configuration list for PBXNativeTarget "MarvelCharactersTests" */ = {
			isa = XCConfigurationList;
			buildConfigurations = (
				2DEFDACC247B7DB40030BB32 /* Debug */,
				2DEFDACD247B7DB40030BB32 /* Release */,
			);
			defaultConfigurationIsVisible = 0;
			defaultConfigurationName = Release;
		};
/* End XCConfigurationList section */
	};
	rootObject = 2DC96C1B247942CB006E4E91 /* Project object */;
}
